{
    "_readme": [
        "This file locks the dependencies of your project to a known state",
        "Read more about it at http://getcomposer.org/doc/01-basic-usage.md#composer-lock-the-lock-file"
    ],
    "hash": "d12c13ed6060b67f083d1e6906bf9a34",
    "packages": [
        {
            "name": "joomla/framework",
            "version": "dev-master",
            "source": {
                "type": "git",
                "url": "https://github.com/joomla/joomla-framework.git",
                "reference": "c77e88c3b731f13b02f3d2c9122293f2d0009d4f"
            },
            "dist": {
                "type": "zip",
                "url": "https://api.github.com/repos/joomla/joomla-framework/zipball/c77e88c3b731f13b02f3d2c9122293f2d0009d4f",
                "reference": "c77e88c3b731f13b02f3d2c9122293f2d0009d4f",
                "shasum": ""
            },
            "require": {
                "php": ">=5.3.10",
                "psr/log": ">=1.0,<2.0"
            },
            "replace": {
                "joomla/application": "self.version",
                "joomla/archive": "self.version",
                "joomla/cache": "self.version",
                "joomla/client": "self.version",
                "joomla/compat": "self.version",
                "joomla/controller": "self.version",
                "joomla/crypt": "self.version",
                "joomla/data": "self.version",
                "joomla/database": "self.version",
                "joomla/date": "self.version",
                "joomla/filesystem": "self.version",
                "joomla/filter": "self.version",
                "joomla/form": "self.version",
                "joomla/github": "self.version",
                "joomla/google": "self.version",
                "joomla/http": "self.version",
                "joomla/image": "self.version",
                "joomla/input": "self.version",
                "joomla/keychain": "self.version",
                "joomla/language": "self.version",
                "joomla/log": "self.version",
                "joomla/model": "self.version",
                "joomla/oauth2": "self.version",
                "joomla/profiler": "self.version",
                "joomla/registry": "self.version",
                "joomla/router": "self.version",
                "joomla/session": "self.version",
                "joomla/string": "self.version",
                "joomla/test": "self.version",
                "joomla/uri": "self.version",
                "joomla/utilities": "self.version",
                "joomla/view": "self.version"
            },
            "type": "library",
            "autoload": {
                "psr-0": {
                    "Joomla": "src/",
                    "Psr": "vendor/psr/cache"
                },
                "classmap": [
                    "src/Joomla/Compat/JsonSerializable.php"
                ]
            },
            "notification-url": "https://packagist.org/downloads/",
            "license": [
                "GPL-2.0+"
            ],
            "description": "The Joomla Framework is a platform for writing Web and command line applications in PHP.",
            "homepage": "https://github.com/joomla/joomla-framework",
            "keywords": [
                "framework",
                "joomla"
            ],
            "time": "2013-04-23 03:03:58"
        },
        {
            "name": "psr/log",
            "version": "1.0.0",
            "source": {
                "type": "git",
                "url": "https://github.com/php-fig/log",
                "reference": "1.0.0"
            },
            "dist": {
                "type": "zip",
                "url": "https://github.com/php-fig/log/archive/1.0.0.zip",
                "reference": "1.0.0",
                "shasum": ""
            },
            "type": "library",
            "autoload": {
                "psr-0": {
                    "Psr\\Log\\": ""
                }
            },
            "notification-url": "https://packagist.org/downloads/",
            "license": [
                "MIT"
            ],
            "authors": [
                {
                    "name": "PHP-FIG",
                    "homepage": "http://www.php-fig.org/"
                }
            ],
            "description": "Common interface for logging libraries",
            "keywords": [
                "log",
                "psr",
                "psr-3"
            ],
            "time": "2012-12-21 11:40:51"
        }
    ],
    "packages-dev": [

    ],
    "aliases": [

    ],
    "minimum-stability": "dev",
    "stability-flags": {
        "joomla/framework": 20
    },
    "platform": {
        "php": ">=5.3.10"
    },
    "platform-dev": [

    ]
}
