{
    "_readme": [
        "This file locks the dependencies of your project to a known state",
        "Read more about it at http://getcomposer.org/doc/01-basic-usage.md#composer-lock-the-lock-file"
    ],
    "hash": "8c0be13f3cf220cc4d82a898e056b985",
    "packages": [
        {
            "name": "elkuku/console-progressbar",
            "version": "1.0",
            "source": {
                "type": "git",
                "url": "https://github.com/elkuku/ConsoleProgressBar.git",
                "reference": "1.0"
            },
            "dist": {
                "type": "zip",
                "url": "https://api.github.com/repos/elkuku/ConsoleProgressBar/zipball/1.0",
                "reference": "1.0",
                "shasum": ""
            },
            "require": {
                "php": ">=5.3.0"
            },
            "type": "library",
            "autoload": {
                "psr-0": {
                    "Elkuku": "src/"
                }
            },
            "notification-url": "https://packagist.org/downloads/",
            "license": [
                "MIT"
            ],
            "authors": [
                {
                    "name": "Stefan Walk",
                    "email": "et@php.net"
                },
                {
                    "name": "Nikolai Plath",
                    "email": "der.elkuku@gmail.com",
                    "homepage": "https://github.com/elkuku"
                }
            ],
            "description": "This class provides you with an easy-to-use interface to progress bars.",
            "keywords": [
                "console"
            ],
            "time": "2013-04-22 19:52:37"
        },
        {
            "name": "elkuku/g11n",
            "version": "dev-master",
            "source": {
                "type": "git",
                "url": "https://github.com/elkuku/g11n.git",
                "reference": "5513821386f4c01daa09a28587a5f6f9ef546827"
            },
            "dist": {
                "type": "zip",
                "url": "https://api.github.com/repos/elkuku/g11n/zipball/5513821386f4c01daa09a28587a5f6f9ef546827",
                "reference": "5513821386f4c01daa09a28587a5f6f9ef546827",
                "shasum": ""
            },
            "require": {
                "php": ">=5.3.10"
            },
            "type": "library",
            "autoload": {
                "psr-0": {
                    "g11n": "library/"
                }
            },
            "notification-url": "https://packagist.org/downloads/",
            "license": [
                "GPL"
            ],
            "authors": [
                {
                    "name": "Nikolai Plath",
                    "email": "der.el.kuku@gmail.com"
                }
            ],
            "description": "The g11n language library",
            "time": "2013-10-21 16:10:33"
        },
        {
            "name": "joomla/framework",
            "version": "dev-master",
            "source": {
                "type": "git",
                "url": "https://github.com/joomla/joomla-framework.git",
                "reference": "3487158a0e65b76c9dbd774864f6506ee82152f9"
            },
            "dist": {
                "type": "zip",
                "url": "https://api.github.com/repos/joomla/joomla-framework/zipball/3487158a0e65b76c9dbd774864f6506ee82152f9",
                "reference": "3487158a0e65b76c9dbd774864f6506ee82152f9",
                "shasum": ""
            },
            "require": {
                "php": ">=5.3.10",
                "psr/log": "~1.0"
            },
            "replace": {
                "joomla/application": "self.version",
                "joomla/archive": "self.version",
                "joomla/cache": "self.version",
                "joomla/compat": "self.version",
                "joomla/controller": "self.version",
                "joomla/crypt": "self.version",
                "joomla/data": "self.version",
                "joomla/database": "self.version",
                "joomla/date": "self.version",
                "joomla/facebook": "self.version",
                "joomla/filesystem": "self.version",
                "joomla/filter": "self.version",
                "joomla/form": "self.version",
                "joomla/github": "self.version",
                "joomla/google": "self.version",
                "joomla/http": "self.version",
                "joomla/image": "self.version",
                "joomla/input": "self.version",
                "joomla/keychain": "self.version",
                "joomla/language": "self.version",
                "joomla/linkedin": "self.version",
                "joomla/log": "self.version",
                "joomla/model": "self.version",
                "joomla/oauth1": "self.version",
                "joomla/oauth2": "self.version",
                "joomla/profiler": "self.version",
                "joomla/registry": "self.version",
                "joomla/router": "self.version",
                "joomla/session": "self.version",
                "joomla/string": "self.version",
                "joomla/test": "self.version",
                "joomla/twitter": "self.version",
                "joomla/uri": "self.version",
                "joomla/utilities": "self.version",
                "joomla/view": "self.version"
            },
            "require-dev": {
                "symfony/yaml": "~2.0"
            },
            "suggest": {
                "symfony/yaml": "Install symfony/yaml 2.* if you require YAML support."
            },
            "type": "library",
            "autoload": {
                "psr-0": {
                    "Joomla": "src/",
                    "Psr": "vendor/psr/cache"
                },
                "classmap": [
                    "src/Joomla/Compat/JsonSerializable.php"
                ],
                "files": [
                    "src/Joomla/PHP/methods.php"
                ]
            },
            "notification-url": "https://packagist.org/downloads/",
            "license": [
                "GPL-2.0+"
            ],
            "description": "The Joomla Framework is a platform for writing Web and command line applications in PHP.",
            "homepage": "https://github.com/joomla/joomla-framework",
            "keywords": [
                "framework",
                "joomla"
            ],
            "time": "2013-11-05 22:02:05"
        },
        {
            "name": "mustache/mustache",
            "version": "v2.1.0",
            "source": {
                "type": "git",
                "url": "https://github.com/bobthecow/mustache.php",
                "reference": "v2.1.0"
            },
            "dist": {
                "type": "zip",
                "url": "https://github.com/bobthecow/mustache.php/archive/v2.1.0.zip",
                "reference": "v2.1.0",
                "shasum": ""
            },
            "require": {
                "php": ">=5.2.4"
            },
            "type": "library",
            "autoload": {
                "psr-0": {
                    "Mustache": "src/"
                }
            },
            "notification-url": "https://packagist.org/downloads/",
            "license": [
                "MIT"
            ],
            "authors": [
                {
                    "name": "Justin Hileman",
                    "email": "justin@justinhileman.info",
                    "homepage": "http://justinhileman.com"
                }
            ],
            "description": "A Mustache implementation in PHP.",
            "homepage": "https://github.com/bobthecow/mustache.php",
            "keywords": [
                "mustache",
                "templating"
            ],
            "time": "2013-01-12 07:18:03"
        },
        {
            "name": "psr/log",
            "version": "1.0.0",
            "source": {
                "type": "git",
                "url": "https://github.com/php-fig/log",
                "reference": "1.0.0"
            },
            "dist": {
                "type": "zip",
                "url": "https://github.com/php-fig/log/archive/1.0.0.zip",
                "reference": "1.0.0",
                "shasum": ""
            },
            "type": "library",
            "autoload": {
                "psr-0": {
                    "Psr\\Log\\": ""
                }
            },
            "notification-url": "https://packagist.org/downloads/",
            "license": [
                "MIT"
            ],
            "authors": [
                {
                    "name": "PHP-FIG",
                    "homepage": "http://www.php-fig.org/"
                }
            ],
            "description": "Common interface for logging libraries",
            "keywords": [
                "log",
                "psr",
                "psr-3"
            ],
            "time": "2012-12-21 11:40:51"
        },
        {
            "name": "symfony/http-foundation",
            "version": "v2.3.6",
            "target-dir": "Symfony/Component/HttpFoundation",
            "source": {
                "type": "git",
                "url": "https://github.com/symfony/HttpFoundation.git",
                "reference": "59e712338cd05463ebcb8da6422a01b1291871e3"
            },
            "dist": {
                "type": "zip",
                "url": "https://api.github.com/repos/symfony/HttpFoundation/zipball/59e712338cd05463ebcb8da6422a01b1291871e3",
                "reference": "59e712338cd05463ebcb8da6422a01b1291871e3",
                "shasum": ""
            },
            "require": {
                "php": ">=5.3.3"
            },
            "type": "library",
            "extra": {
                "branch-alias": {
                    "dev-master": "2.3-dev"
                }
            },
            "autoload": {
                "psr-0": {
                    "Symfony\\Component\\HttpFoundation\\": ""
                },
                "classmap": [
                    "Symfony/Component/HttpFoundation/Resources/stubs"
                ]
            },
            "notification-url": "https://packagist.org/downloads/",
            "license": [
                "MIT"
            ],
            "authors": [
                {
                    "name": "Fabien Potencier",
                    "email": "fabien@symfony.com"
                },
                {
                    "name": "Symfony Community",
                    "homepage": "http://symfony.com/contributors"
                }
            ],
            "description": "Symfony HttpFoundation Component",
            "homepage": "http://symfony.com",
            "time": "2013-09-29 19:41:41"
        },
        {
            "name": "twig/twig",
            "version": "v1.14.2",
            "source": {
                "type": "git",
                "url": "https://github.com/fabpot/Twig.git",
                "reference": "ca445842fcea4f844d68203ffa2d00f5e3cdea64"
            },
            "dist": {
                "type": "zip",
                "url": "https://api.github.com/repos/fabpot/Twig/zipball/ca445842fcea4f844d68203ffa2d00f5e3cdea64",
                "reference": "ca445842fcea4f844d68203ffa2d00f5e3cdea64",
                "shasum": ""
            },
            "require": {
                "php": ">=5.2.4"
            },
            "type": "library",
            "extra": {
                "branch-alias": {
                    "dev-master": "1.14-dev"
                }
            },
            "autoload": {
                "psr-0": {
                    "Twig_": "lib/"
                }
            },
            "notification-url": "https://packagist.org/downloads/",
            "license": [
                "BSD-3-Clause"
            ],
            "authors": [
                {
                    "name": "Fabien Potencier",
                    "email": "fabien@symfony.com"
                },
                {
                    "name": "Armin Ronacher",
                    "email": "armin.ronacher@active-4.com"
                }
            ],
            "description": "Twig, the flexible, fast, and secure template language for PHP",
            "homepage": "http://twig.sensiolabs.org",
            "keywords": [
                "templating"
            ],
            "time": "2013-10-30 08:20:53"
        }
    ],
    "packages-dev": [
        {
            "name": "filp/whoops",
            "version": "1.0.9",
            "source": {
                "type": "git",
                "url": "https://github.com/filp/whoops.git",
                "reference": "6de5a6fbb675c091ee4ee40fd01b2e3df4f200af"
            },
            "dist": {
                "type": "zip",
                "url": "https://api.github.com/repos/filp/whoops/zipball/6de5a6fbb675c091ee4ee40fd01b2e3df4f200af",
                "reference": "6de5a6fbb675c091ee4ee40fd01b2e3df4f200af",
                "shasum": ""
            },
            "require": {
                "php": ">=5.3.0"
            },
            "require-dev": {
                "mockery/mockery": "dev-master",
                "silex/silex": "1.0.*@dev"
            },
            "type": "library",
            "autoload": {
                "psr-0": {
                    "Whoops": "src/"
                }
            },
            "notification-url": "https://packagist.org/downloads/",
            "license": [
                "MIT"
            ],
            "authors": [
                {
                    "name": "Filipe Dobreira",
                    "homepage": "https://github.com/filp",
                    "role": "Developer"
                }
            ],
            "description": "php error handling for cool kids",
            "homepage": "https://github.com/filp/whoops",
            "keywords": [
                "error",
                "exception",
                "handling",
                "library",
                "silex-provider",
                "whoops",
                "zf2"
            ],
            "time": "2013-10-28 22:06:33"
        },
        {
            "name": "monolog/monolog",
            "version": "1.6.0",
            "source": {
                "type": "git",
                "url": "https://github.com/Seldaek/monolog.git",
                "reference": "f72392d0e6eb855118f5a84e89ac2d257c704abd"
            },
            "dist": {
                "type": "zip",
                "url": "https://api.github.com/repos/Seldaek/monolog/zipball/f72392d0e6eb855118f5a84e89ac2d257c704abd",
                "reference": "f72392d0e6eb855118f5a84e89ac2d257c704abd",
                "shasum": ""
            },
            "require": {
                "php": ">=5.3.0",
                "psr/log": "~1.0"
            },
            "require-dev": {
                "doctrine/couchdb": "dev-master",
                "mlehner/gelf-php": "1.0.*",
                "raven/raven": "0.5.*"
            },
            "suggest": {
                "doctrine/couchdb": "Allow sending log messages to a CouchDB server",
                "ext-amqp": "Allow sending log messages to an AMQP server (1.0+ required)",
                "ext-mongo": "Allow sending log messages to a MongoDB server",
                "mlehner/gelf-php": "Allow sending log messages to a GrayLog2 server",
                "raven/raven": "Allow sending log messages to a Sentry server"
            },
            "type": "library",
            "extra": {
                "branch-alias": {
                    "dev-master": "1.6.x-dev"
                }
            },
            "autoload": {
                "psr-0": {
                    "Monolog": "src/"
                }
            },
            "notification-url": "https://packagist.org/downloads/",
            "license": [
                "MIT"
            ],
            "authors": [
                {
                    "name": "Jordi Boggiano",
                    "email": "j.boggiano@seld.be",
                    "homepage": "http://seld.be",
                    "role": "Developer"
                }
            ],
            "description": "Sends your logs to files, sockets, inboxes, databases and various web services",
            "homepage": "http://github.com/Seldaek/monolog",
            "keywords": [
                "log",
                "logging",
                "psr-3"
            ],
            "time": "2013-07-28 22:38:30"
        },
        {
            "name": "raveren/kint",
            "version": "dev-master",
            "source": {
                "type": "git",
                "url": "https://github.com/raveren/kint.git",
                "reference": "24a15aa6e666aa9492f4bb43b48a3dbf531014ac"
            },
            "dist": {
                "type": "zip",
                "url": "https://api.github.com/repos/raveren/kint/zipball/24a15aa6e666aa9492f4bb43b48a3dbf531014ac",
                "reference": "24a15aa6e666aa9492f4bb43b48a3dbf531014ac",
                "shasum": ""
            },
            "require": {
                "php": ">=5.2.0"
            },
            "type": "library",
            "autoload": {
                "files": [
                    "Kint.class.php"
                ]
            },
            "notification-url": "https://packagist.org/downloads/",
            "license": [
                "MIT"
            ],
            "authors": [
                {
                    "name": "Rokas Šleinius",
                    "homepage": "https://github.com/raveren"
                },
                {
                    "name": "Contributors",
                    "homepage": "https://github.com/raveren/kint/contributors"
                }
            ],
            "description": "Kint - debugging helper for PHP developers",
            "homepage": "https://github.com/raveren/kint",
            "keywords": [
                "debug",
                "kint",
                "php"
            ],
            "time": "2013-11-04 11:02:37"
        }
    ],
    "aliases": [

    ],
    "minimum-stability": "dev",
    "stability-flags": {
        "joomla/framework": 20,
        "symfony/http-foundation": 0,
        "twig/twig": 0,
        "elkuku/g11n": 20,
        "raveren/kint": 20,
        "filp/whoops": 0
    },
    "platform": {
        "php": ">=5.3.10"
    },
    "platform-dev": [

    ]
}
